
Microsoft Visual Studio Solution File, Format Version 12.00
# Visual Studio 15
VisualStudioVersion = 15.0.26730.16
MinimumVisualStudioVersion = 10.0.40219.1
Project("{FAE04EC0-301F-11D3-BF4B-00C04F79EFBC}") = "01.HelloName", "01.HelloName\01.HelloName.csproj", "{ED55AF33-1518-4A8C-8116-5674CAFB04AC}"
EndProject
Project("{FAE04EC0-301F-11D3-BF4B-00C04F79EFBC}") = "02.MaxMethod", "02.MaxMethod\02.MaxMethod.csproj", "{1366B8C3-4D79-4E22-9E30-D9669FB7EAB8}"
EndProject
Project("{FAE04EC0-301F-11D3-BF4B-00C04F79EFBC}") = "03.NameOfTheLastDigit", "03.NameOfTheLastDigit\03.NameOfTheLastDigit.csproj", "{93C2BA9E-9262-4F9E-B34B-29B984E0E6DE}"
EndProject
Project("{FAE04EC0-301F-11D3-BF4B-00C04F79EFBC}") = "04.NumbersInReversedOrder", "04.NumbersInReversedOrder\04.NumbersInReversedOrder.csproj", "{67F10C56-073E-4FC9-9F36-2A3C922B5525}"
EndProject
Project("{FAE04EC0-301F-11D3-BF4B-00C04F79EFBC}") = "05.FibonacciNumbers", "05.FibonacciNumbers\05.FibonacciNumbers.csproj", "{1CEF9D11-AB4F-4471-8289-9B32B9D17451}"
EndProject
Project("{FAE04EC0-301F-11D3-BF4B-00C04F79EFBC}") = "06.PrimeChecker", "06.PrimeChecker\06.PrimeChecker.csproj", "{007E00AA-DF2D-4521-897E-BC0067086A0D}"
EndProject
Project("{FAE04EC0-301F-11D3-BF4B-00C04F79EFBC}") = "08.CenterPoint", "08.CenterPoint\08.CenterPoint.csproj", "{668259CF-A14A-48EE-A15E-89768D922E24}"
EndProject
Project("{FAE04EC0-301F-11D3-BF4B-00C04F79EFBC}") = "09.LongerLine", "09.LongerLine\09.LongerLine.csproj", "{83FC6199-AC4D-4188-A473-2E87517A5B8F}"
EndProject
Project("{FAE04EC0-301F-11D3-BF4B-00C04F79EFBC}") = "10.CubeProperties", "10.CubeProperties\10.CubeProperties.csproj", "{2DCF2B13-79C8-4C46-8020-AC1E87D40118}"
EndProject
Project("{FAE04EC0-301F-11D3-BF4B-00C04F79EFBC}") = "11.GeometryCalculator", "11.GeometryCalculator\11.GeometryCalculator.csproj", "{3DD1D260-E569-40A9-BC1B-20F1E7DA63E5}"
EndProject
Project("{FAE04EC0-301F-11D3-BF4B-00C04F79EFBC}") = "13.Factorial", "13.Factorial\13.Factorial.csproj", "{85383820-CE67-4E62-BD53-CC542CF7FE64}"
EndProject
Project("{FAE04EC0-301F-11D3-BF4B-00C04F79EFBC}") = "14.FactorialTrailingZeroes", "14.FactorialTrailingZeroes\14.FactorialTrailingZeroes.csproj", "{D79331DF-CD00-4568-8CF0-BCF8BC919AE9}"
EndProject
Project("{FAE04EC0-301F-11D3-BF4B-00C04F79EFBC}") = "12.MasterNumbers", "12.MasterNumbers\12.MasterNumbers.csproj", "{8E954FCF-FA83-43BC-B95C-DBC049959CCF}"
EndProject
Project("{FAE04EC0-301F-11D3-BF4B-00C04F79EFBC}") = "07.PrimesInGivenRange", "07.PrimesInGivenRange\07.PrimesInGivenRange.csproj", "{589620E9-319D-4C7F-9938-6DA855B596E9}"
EndProject
Global
	GlobalSection(SolutionConfigurationPlatforms) = preSolution
		Debug|Any CPU = Debug|Any CPU
		Debug|ARM = Debug|ARM
		Debug|x64 = Debug|x64
		Debug|x86 = Debug|x86
		Release|Any CPU = Release|Any CPU
		Release|ARM = Release|ARM
		Release|x64 = Release|x64
		Release|x86 = Release|x86
	EndGlobalSection
	GlobalSection(ProjectConfigurationPlatforms) = postSolution
		{ED55AF33-1518-4A8C-8116-5674CAFB04AC}.Debug|Any CPU.ActiveCfg = Debug|Any CPU
		{ED55AF33-1518-4A8C-8116-5674CAFB04AC}.Debug|Any CPU.Build.0 = Debug|Any CPU
		{ED55AF33-1518-4A8C-8116-5674CAFB04AC}.Debug|ARM.ActiveCfg = Debug|Any CPU
		{ED55AF33-1518-4A8C-8116-5674CAFB04AC}.Debug|ARM.Build.0 = Debug|Any CPU
		{ED55AF33-1518-4A8C-8116-5674CAFB04AC}.Debug|x64.ActiveCfg = Debug|Any CPU
		{ED55AF33-1518-4A8C-8116-5674CAFB04AC}.Debug|x64.Build.0 = Debug|Any CPU
		{ED55AF33-1518-4A8C-8116-5674CAFB04AC}.Debug|x86.ActiveCfg = Debug|Any CPU
		{ED55AF33-1518-4A8C-8116-5674CAFB04AC}.Debug|x86.Build.0 = Debug|Any CPU
		{ED55AF33-1518-4A8C-8116-5674CAFB04AC}.Release|Any CPU.ActiveCfg = Release|Any CPU
		{ED55AF33-1518-4A8C-8116-5674CAFB04AC}.Release|Any CPU.Build.0 = Release|Any CPU
		{ED55AF33-1518-4A8C-8116-5674CAFB04AC}.Release|ARM.ActiveCfg = Release|Any CPU
		{ED55AF33-1518-4A8C-8116-5674CAFB04AC}.Release|ARM.Build.0 = Release|Any CPU
		{ED55AF33-1518-4A8C-8116-5674CAFB04AC}.Release|x64.ActiveCfg = Release|Any CPU
		{ED55AF33-1518-4A8C-8116-5674CAFB04AC}.Release|x64.Build.0 = Release|Any CPU
		{ED55AF33-1518-4A8C-8116-5674CAFB04AC}.Release|x86.ActiveCfg = Release|Any CPU
		{ED55AF33-1518-4A8C-8116-5674CAFB04AC}.Release|x86.Build.0 = Release|Any CPU
		{1366B8C3-4D79-4E22-9E30-D9669FB7EAB8}.Debug|Any CPU.ActiveCfg = Debug|Any CPU
		{1366B8C3-4D79-4E22-9E30-D9669FB7EAB8}.Debug|Any CPU.Build.0 = Debug|Any CPU
		{1366B8C3-4D79-4E22-9E30-D9669FB7EAB8}.Debug|ARM.ActiveCfg = Debug|Any CPU
		{1366B8C3-4D79-4E22-9E30-D9669FB7EAB8}.Debug|ARM.Build.0 = Debug|Any CPU
		{1366B8C3-4D79-4E22-9E30-D9669FB7EAB8}.Debug|x64.ActiveCfg = Debug|Any CPU
		{1366B8C3-4D79-4E22-9E30-D9669FB7EAB8}.Debug|x64.Build.0 = Debug|Any CPU
		{1366B8C3-4D79-4E22-9E30-D9669FB7EAB8}.Debug|x86.ActiveCfg = Debug|Any CPU
		{1366B8C3-4D79-4E22-9E30-D9669FB7EAB8}.Debug|x86.Build.0 = Debug|Any CPU
		{1366B8C3-4D79-4E22-9E30-D9669FB7EAB8}.Release|Any CPU.ActiveCfg = Release|Any CPU
		{1366B8C3-4D79-4E22-9E30-D9669FB7EAB8}.Release|Any CPU.Build.0 = Release|Any CPU
		{1366B8C3-4D79-4E22-9E30-D9669FB7EAB8}.Release|ARM.ActiveCfg = Release|Any CPU
		{1366B8C3-4D79-4E22-9E30-D9669FB7EAB8}.Release|ARM.Build.0 = Release|Any CPU
		{1366B8C3-4D79-4E22-9E30-D9669FB7EAB8}.Release|x64.ActiveCfg = Release|Any CPU
		{1366B8C3-4D79-4E22-9E30-D9669FB7EAB8}.Release|x64.Build.0 = Release|Any CPU
		{1366B8C3-4D79-4E22-9E30-D9669FB7EAB8}.Release|x86.ActiveCfg = Release|Any CPU
		{1366B8C3-4D79-4E22-9E30-D9669FB7EAB8}.Release|x86.Build.0 = Release|Any CPU
		{93C2BA9E-9262-4F9E-B34B-29B984E0E6DE}.Debug|Any CPU.ActiveCfg = Debug|Any CPU
		{93C2BA9E-9262-4F9E-B34B-29B984E0E6DE}.Debug|Any CPU.Build.0 = Debug|Any CPU
		{93C2BA9E-9262-4F9E-B34B-29B984E0E6DE}.Debug|ARM.ActiveCfg = Debug|Any CPU
		{93C2BA9E-9262-4F9E-B34B-29B984E0E6DE}.Debug|ARM.Build.0 = Debug|Any CPU
		{93C2BA9E-9262-4F9E-B34B-29B984E0E6DE}.Debug|x64.ActiveCfg = Debug|Any CPU
		{93C2BA9E-9262-4F9E-B34B-29B984E0E6DE}.Debug|x64.Build.0 = Debug|Any CPU
		{93C2BA9E-9262-4F9E-B34B-29B984E0E6DE}.Debug|x86.ActiveCfg = Debug|Any CPU
		{93C2BA9E-9262-4F9E-B34B-29B984E0E6DE}.Debug|x86.Build.0 = Debug|Any CPU
		{93C2BA9E-9262-4F9E-B34B-29B984E0E6DE}.Release|Any CPU.ActiveCfg = Release|Any CPU
		{93C2BA9E-9262-4F9E-B34B-29B984E0E6DE}.Release|Any CPU.Build.0 = Release|Any CPU
		{93C2BA9E-9262-4F9E-B34B-29B984E0E6DE}.Release|ARM.ActiveCfg = Release|Any CPU
		{93C2BA9E-9262-4F9E-B34B-29B984E0E6DE}.Release|ARM.Build.0 = Release|Any CPU
		{93C2BA9E-9262-4F9E-B34B-29B984E0E6DE}.Release|x64.ActiveCfg = Release|Any CPU
		{93C2BA9E-9262-4F9E-B34B-29B984E0E6DE}.Release|x64.Build.0 = Release|Any CPU
		{93C2BA9E-9262-4F9E-B34B-29B984E0E6DE}.Release|x86.ActiveCfg = Release|Any CPU
		{93C2BA9E-9262-4F9E-B34B-29B984E0E6DE}.Release|x86.Build.0 = Release|Any CPU
		{67F10C56-073E-4FC9-9F36-2A3C922B5525}.Debug|Any CPU.ActiveCfg = Debug|Any CPU
		{67F10C56-073E-4FC9-9F36-2A3C922B5525}.Debug|Any CPU.Build.0 = Debug|Any CPU
		{67F10C56-073E-4FC9-9F36-2A3C922B5525}.Debug|ARM.ActiveCfg = Debug|Any CPU
		{67F10C56-073E-4FC9-9F36-2A3C922B5525}.Debug|ARM.Build.0 = Debug|Any CPU
		{67F10C56-073E-4FC9-9F36-2A3C922B5525}.Debug|x64.ActiveCfg = Debug|Any CPU
		{67F10C56-073E-4FC9-9F36-2A3C922B5525}.Debug|x64.Build.0 = Debug|Any CPU
		{67F10C56-073E-4FC9-9F36-2A3C922B5525}.Debug|x86.ActiveCfg = Debug|Any CPU
		{67F10C56-073E-4FC9-9F36-2A3C922B5525}.Debug|x86.Build.0 = Debug|Any CPU
		{67F10C56-073E-4FC9-9F36-2A3C922B5525}.Release|Any CPU.ActiveCfg = Release|Any CPU
		{67F10C56-073E-4FC9-9F36-2A3C922B5525}.Release|Any CPU.Build.0 = Release|Any CPU
		{67F10C56-073E-4FC9-9F36-2A3C922B5525}.Release|ARM.ActiveCfg = Release|Any CPU
		{67F10C56-073E-4FC9-9F36-2A3C922B5525}.Release|ARM.Build.0 = Release|Any CPU
		{67F10C56-073E-4FC9-9F36-2A3C922B5525}.Release|x64.ActiveCfg = Release|Any CPU
		{67F10C56-073E-4FC9-9F36-2A3C922B5525}.Release|x64.Build.0 = Release|Any CPU
		{67F10C56-073E-4FC9-9F36-2A3C922B5525}.Release|x86.ActiveCfg = Release|Any CPU
		{67F10C56-073E-4FC9-9F36-2A3C922B5525}.Release|x86.Build.0 = Release|Any CPU
		{1CEF9D11-AB4F-4471-8289-9B32B9D17451}.Debug|Any CPU.ActiveCfg = Debug|Any CPU
		{1CEF9D11-AB4F-4471-8289-9B32B9D17451}.Debug|Any CPU.Build.0 = Debug|Any CPU
		{1CEF9D11-AB4F-4471-8289-9B32B9D17451}.Debug|ARM.ActiveCfg = Debug|Any CPU
		{1CEF9D11-AB4F-4471-8289-9B32B9D17451}.Debug|ARM.Build.0 = Debug|Any CPU
		{1CEF9D11-AB4F-4471-8289-9B32B9D17451}.Debug|x64.ActiveCfg = Debug|Any CPU
		{1CEF9D11-AB4F-4471-8289-9B32B9D17451}.Debug|x64.Build.0 = Debug|Any CPU
		{1CEF9D11-AB4F-4471-8289-9B32B9D17451}.Debug|x86.ActiveCfg = Debug|Any CPU
		{1CEF9D11-AB4F-4471-8289-9B32B9D17451}.Debug|x86.Build.0 = Debug|Any CPU
		{1CEF9D11-AB4F-4471-8289-9B32B9D17451}.Release|Any CPU.ActiveCfg = Release|Any CPU
		{1CEF9D11-AB4F-4471-8289-9B32B9D17451}.Release|Any CPU.Build.0 = Release|Any CPU
		{1CEF9D11-AB4F-4471-8289-9B32B9D17451}.Release|ARM.ActiveCfg = Release|Any CPU
		{1CEF9D11-AB4F-4471-8289-9B32B9D17451}.Release|ARM.Build.0 = Release|Any CPU
		{1CEF9D11-AB4F-4471-8289-9B32B9D17451}.Release|x64.ActiveCfg = Release|Any CPU
		{1CEF9D11-AB4F-4471-8289-9B32B9D17451}.Release|x64.Build.0 = Release|Any CPU
		{1CEF9D11-AB4F-4471-8289-9B32B9D17451}.Release|x86.ActiveCfg = Release|Any CPU
		{1CEF9D11-AB4F-4471-8289-9B32B9D17451}.Release|x86.Build.0 = Release|Any CPU
		{007E00AA-DF2D-4521-897E-BC0067086A0D}.Debug|Any CPU.ActiveCfg = Debug|Any CPU
		{007E00AA-DF2D-4521-897E-BC0067086A0D}.Debug|Any CPU.Build.0 = Debug|Any CPU
		{007E00AA-DF2D-4521-897E-BC0067086A0D}.Debug|ARM.ActiveCfg = Debug|Any CPU
		{007E00AA-DF2D-4521-897E-BC0067086A0D}.Debug|ARM.Build.0 = Debug|Any CPU
		{007E00AA-DF2D-4521-897E-BC0067086A0D}.Debug|x64.ActiveCfg = Debug|Any CPU
		{007E00AA-DF2D-4521-897E-BC0067086A0D}.Debug|x64.Build.0 = Debug|Any CPU
		{007E00AA-DF2D-4521-897E-BC0067086A0D}.Debug|x86.ActiveCfg = Debug|Any CPU
		{007E00AA-DF2D-4521-897E-BC0067086A0D}.Debug|x86.Build.0 = Debug|Any CPU
		{007E00AA-DF2D-4521-897E-BC0067086A0D}.Release|Any CPU.ActiveCfg = Release|Any CPU
		{007E00AA-DF2D-4521-897E-BC0067086A0D}.Release|Any CPU.Build.0 = Release|Any CPU
		{007E00AA-DF2D-4521-897E-BC0067086A0D}.Release|ARM.ActiveCfg = Release|Any CPU
		{007E00AA-DF2D-4521-897E-BC0067086A0D}.Release|ARM.Build.0 = Release|Any CPU
		{007E00AA-DF2D-4521-897E-BC0067086A0D}.Release|x64.ActiveCfg = Release|Any CPU
		{007E00AA-DF2D-4521-897E-BC0067086A0D}.Release|x64.Build.0 = Release|Any CPU
		{007E00AA-DF2D-4521-897E-BC0067086A0D}.Release|x86.ActiveCfg = Release|Any CPU
		{007E00AA-DF2D-4521-897E-BC0067086A0D}.Release|x86.Build.0 = Release|Any CPU
		{668259CF-A14A-48EE-A15E-89768D922E24}.Debug|Any CPU.ActiveCfg = Debug|Any CPU
		{668259CF-A14A-48EE-A15E-89768D922E24}.Debug|Any CPU.Build.0 = Debug|Any CPU
		{668259CF-A14A-48EE-A15E-89768D922E24}.Debug|ARM.ActiveCfg = Debug|Any CPU
		{668259CF-A14A-48EE-A15E-89768D922E24}.Debug|ARM.Build.0 = Debug|Any CPU
		{668259CF-A14A-48EE-A15E-89768D922E24}.Debug|x64.ActiveCfg = Debug|Any CPU
		{668259CF-A14A-48EE-A15E-89768D922E24}.Debug|x64.Build.0 = Debug|Any CPU
		{668259CF-A14A-48EE-A15E-89768D922E24}.Debug|x86.ActiveCfg = Debug|Any CPU
		{668259CF-A14A-48EE-A15E-89768D922E24}.Debug|x86.Build.0 = Debug|Any CPU
		{668259CF-A14A-48EE-A15E-89768D922E24}.Release|Any CPU.ActiveCfg = Release|Any CPU
		{668259CF-A14A-48EE-A15E-89768D922E24}.Release|Any CPU.Build.0 = Release|Any CPU
		{668259CF-A14A-48EE-A15E-89768D922E24}.Release|ARM.ActiveCfg = Release|Any CPU
		{668259CF-A14A-48EE-A15E-89768D922E24}.Release|ARM.Build.0 = Release|Any CPU
		{668259CF-A14A-48EE-A15E-89768D922E24}.Release|x64.ActiveCfg = Release|Any CPU
		{668259CF-A14A-48EE-A15E-89768D922E24}.Release|x64.Build.0 = Release|Any CPU
		{668259CF-A14A-48EE-A15E-89768D922E24}.Release|x86.ActiveCfg = Release|Any CPU
		{668259CF-A14A-48EE-A15E-89768D922E24}.Release|x86.Build.0 = Release|Any CPU
		{83FC6199-AC4D-4188-A473-2E87517A5B8F}.Debug|Any CPU.ActiveCfg = Debug|Any CPU
		{83FC6199-AC4D-4188-A473-2E87517A5B8F}.Debug|Any CPU.Build.0 = Debug|Any CPU
		{83FC6199-AC4D-4188-A473-2E87517A5B8F}.Debug|ARM.ActiveCfg = Debug|Any CPU
		{83FC6199-AC4D-4188-A473-2E87517A5B8F}.Debug|ARM.Build.0 = Debug|Any CPU
		{83FC6199-AC4D-4188-A473-2E87517A5B8F}.Debug|x64.ActiveCfg = Debug|Any CPU
		{83FC6199-AC4D-4188-A473-2E87517A5B8F}.Debug|x64.Build.0 = Debug|Any CPU
		{83FC6199-AC4D-4188-A473-2E87517A5B8F}.Debug|x86.ActiveCfg = Debug|Any CPU
		{83FC6199-AC4D-4188-A473-2E87517A5B8F}.Debug|x86.Build.0 = Debug|Any CPU
		{83FC6199-AC4D-4188-A473-2E87517A5B8F}.Release|Any CPU.ActiveCfg = Release|Any CPU
		{83FC6199-AC4D-4188-A473-2E87517A5B8F}.Release|Any CPU.Build.0 = Release|Any CPU
		{83FC6199-AC4D-4188-A473-2E87517A5B8F}.Release|ARM.ActiveCfg = Release|Any CPU
		{83FC6199-AC4D-4188-A473-2E87517A5B8F}.Release|ARM.Build.0 = Release|Any CPU
		{83FC6199-AC4D-4188-A473-2E87517A5B8F}.Release|x64.ActiveCfg = Release|Any CPU
		{83FC6199-AC4D-4188-A473-2E87517A5B8F}.Release|x64.Build.0 = Release|Any CPU
		{83FC6199-AC4D-4188-A473-2E87517A5B8F}.Release|x86.ActiveCfg = Release|Any CPU
		{83FC6199-AC4D-4188-A473-2E87517A5B8F}.Release|x86.Build.0 = Release|Any CPU
		{2DCF2B13-79C8-4C46-8020-AC1E87D40118}.Debug|Any CPU.ActiveCfg = Debug|Any CPU
		{2DCF2B13-79C8-4C46-8020-AC1E87D40118}.Debug|Any CPU.Build.0 = Debug|Any CPU
		{2DCF2B13-79C8-4C46-8020-AC1E87D40118}.Debug|ARM.ActiveCfg = Debug|Any CPU
		{2DCF2B13-79C8-4C46-8020-AC1E87D40118}.Debug|ARM.Build.0 = Debug|Any CPU
		{2DCF2B13-79C8-4C46-8020-AC1E87D40118}.Debug|x64.ActiveCfg = Debug|Any CPU
		{2DCF2B13-79C8-4C46-8020-AC1E87D40118}.Debug|x64.Build.0 = Debug|Any CPU
		{2DCF2B13-79C8-4C46-8020-AC1E87D40118}.Debug|x86.ActiveCfg = Debug|Any CPU
		{2DCF2B13-79C8-4C46-8020-AC1E87D40118}.Debug|x86.Build.0 = Debug|Any CPU
		{2DCF2B13-79C8-4C46-8020-AC1E87D40118}.Release|Any CPU.ActiveCfg = Release|Any CPU
		{2DCF2B13-79C8-4C46-8020-AC1E87D40118}.Release|Any CPU.Build.0 = Release|Any CPU
		{2DCF2B13-79C8-4C46-8020-AC1E87D40118}.Release|ARM.ActiveCfg = Release|Any CPU
		{2DCF2B13-79C8-4C46-8020-AC1E87D40118}.Release|ARM.Build.0 = Release|Any CPU
		{2DCF2B13-79C8-4C46-8020-AC1E87D40118}.Release|x64.ActiveCfg = Release|Any CPU
		{2DCF2B13-79C8-4C46-8020-AC1E87D40118}.Release|x64.Build.0 = Release|Any CPU
		{2DCF2B13-79C8-4C46-8020-AC1E87D40118}.Release|x86.ActiveCfg = Release|Any CPU
		{2DCF2B13-79C8-4C46-8020-AC1E87D40118}.Release|x86.Build.0 = Release|Any CPU
		{3DD1D260-E569-40A9-BC1B-20F1E7DA63E5}.Debug|Any CPU.ActiveCfg = Debug|Any CPU
		{3DD1D260-E569-40A9-BC1B-20F1E7DA63E5}.Debug|Any CPU.Build.0 = Debug|Any CPU
		{3DD1D260-E569-40A9-BC1B-20F1E7DA63E5}.Debug|ARM.ActiveCfg = Debug|Any CPU
		{3DD1D260-E569-40A9-BC1B-20F1E7DA63E5}.Debug|ARM.Build.0 = Debug|Any CPU
		{3DD1D260-E569-40A9-BC1B-20F1E7DA63E5}.Debug|x64.ActiveCfg = Debug|Any CPU
		{3DD1D260-E569-40A9-BC1B-20F1E7DA63E5}.Debug|x64.Build.0 = Debug|Any CPU
		{3DD1D260-E569-40A9-BC1B-20F1E7DA63E5}.Debug|x86.ActiveCfg = Debug|Any CPU
		{3DD1D260-E569-40A9-BC1B-20F1E7DA63E5}.Debug|x86.Build.0 = Debug|Any CPU
		{3DD1D260-E569-40A9-BC1B-20F1E7DA63E5}.Release|Any CPU.ActiveCfg = Release|Any CPU
		{3DD1D260-E569-40A9-BC1B-20F1E7DA63E5}.Release|Any CPU.Build.0 = Release|Any CPU
		{3DD1D260-E569-40A9-BC1B-20F1E7DA63E5}.Release|ARM.ActiveCfg = Release|Any CPU
		{3DD1D260-E569-40A9-BC1B-20F1E7DA63E5}.Release|ARM.Build.0 = Release|Any CPU
		{3DD1D260-E569-40A9-BC1B-20F1E7DA63E5}.Release|x64.ActiveCfg = Release|Any CPU
		{3DD1D260-E569-40A9-BC1B-20F1E7DA63E5}.Release|x64.Build.0 = Release|Any CPU
		{3DD1D260-E569-40A9-BC1B-20F1E7DA63E5}.Release|x86.ActiveCfg = Release|Any CPU
		{3DD1D260-E569-40A9-BC1B-20F1E7DA63E5}.Release|x86.Build.0 = Release|Any CPU
		{85383820-CE67-4E62-BD53-CC542CF7FE64}.Debug|Any CPU.ActiveCfg = Debug|Any CPU
		{85383820-CE67-4E62-BD53-CC542CF7FE64}.Debug|Any CPU.Build.0 = Debug|Any CPU
		{85383820-CE67-4E62-BD53-CC542CF7FE64}.Debug|ARM.ActiveCfg = Debug|Any CPU
		{85383820-CE67-4E62-BD53-CC542CF7FE64}.Debug|ARM.Build.0 = Debug|Any CPU
		{85383820-CE67-4E62-BD53-CC542CF7FE64}.Debug|x64.ActiveCfg = Debug|Any CPU
		{85383820-CE67-4E62-BD53-CC542CF7FE64}.Debug|x64.Build.0 = Debug|Any CPU
		{85383820-CE67-4E62-BD53-CC542CF7FE64}.Debug|x86.ActiveCfg = Debug|Any CPU
		{85383820-CE67-4E62-BD53-CC542CF7FE64}.Debug|x86.Build.0 = Debug|Any CPU
		{85383820-CE67-4E62-BD53-CC542CF7FE64}.Release|Any CPU.ActiveCfg = Release|Any CPU
		{85383820-CE67-4E62-BD53-CC542CF7FE64}.Release|Any CPU.Build.0 = Release|Any CPU
		{85383820-CE67-4E62-BD53-CC542CF7FE64}.Release|ARM.ActiveCfg = Release|Any CPU
		{85383820-CE67-4E62-BD53-CC542CF7FE64}.Release|ARM.Build.0 = Release|Any CPU
		{85383820-CE67-4E62-BD53-CC542CF7FE64}.Release|x64.ActiveCfg = Release|Any CPU
		{85383820-CE67-4E62-BD53-CC542CF7FE64}.Release|x64.Build.0 = Release|Any CPU
		{85383820-CE67-4E62-BD53-CC542CF7FE64}.Release|x86.ActiveCfg = Release|Any CPU
		{85383820-CE67-4E62-BD53-CC542CF7FE64}.Release|x86.Build.0 = Release|Any CPU
		{D79331DF-CD00-4568-8CF0-BCF8BC919AE9}.Debug|Any CPU.ActiveCfg = Debug|Any CPU
		{D79331DF-CD00-4568-8CF0-BCF8BC919AE9}.Debug|Any CPU.Build.0 = Debug|Any CPU
		{D79331DF-CD00-4568-8CF0-BCF8BC919AE9}.Debug|ARM.ActiveCfg = Debug|Any CPU
		{D79331DF-CD00-4568-8CF0-BCF8BC919AE9}.Debug|ARM.Build.0 = Debug|Any CPU
		{D79331DF-CD00-4568-8CF0-BCF8BC919AE9}.Debug|x64.ActiveCfg = Debug|Any CPU
		{D79331DF-CD00-4568-8CF0-BCF8BC919AE9}.Debug|x64.Build.0 = Debug|Any CPU
		{D79331DF-CD00-4568-8CF0-BCF8BC919AE9}.Debug|x86.ActiveCfg = Debug|Any CPU
		{D79331DF-CD00-4568-8CF0-BCF8BC919AE9}.Debug|x86.Build.0 = Debug|Any CPU
		{D79331DF-CD00-4568-8CF0-BCF8BC919AE9}.Release|Any CPU.ActiveCfg = Release|Any CPU
		{D79331DF-CD00-4568-8CF0-BCF8BC919AE9}.Release|Any CPU.Build.0 = Release|Any CPU
		{D79331DF-CD00-4568-8CF0-BCF8BC919AE9}.Release|ARM.ActiveCfg = Release|Any CPU
		{D79331DF-CD00-4568-8CF0-BCF8BC919AE9}.Release|ARM.Build.0 = Release|Any CPU
		{D79331DF-CD00-4568-8CF0-BCF8BC919AE9}.Release|x64.ActiveCfg = Release|Any CPU
		{D79331DF-CD00-4568-8CF0-BCF8BC919AE9}.Release|x64.Build.0 = Release|Any CPU
		{D79331DF-CD00-4568-8CF0-BCF8BC919AE9}.Release|x86.ActiveCfg = Release|Any CPU
		{D79331DF-CD00-4568-8CF0-BCF8BC919AE9}.Release|x86.Build.0 = Release|Any CPU
		{8E954FCF-FA83-43BC-B95C-DBC049959CCF}.Debug|Any CPU.ActiveCfg = Debug|Any CPU
		{8E954FCF-FA83-43BC-B95C-DBC049959CCF}.Debug|Any CPU.Build.0 = Debug|Any CPU
		{8E954FCF-FA83-43BC-B95C-DBC049959CCF}.Debug|ARM.ActiveCfg = Debug|Any CPU
		{8E954FCF-FA83-43BC-B95C-DBC049959CCF}.Debug|ARM.Build.0 = Debug|Any CPU
		{8E954FCF-FA83-43BC-B95C-DBC049959CCF}.Debug|x64.ActiveCfg = Debug|Any CPU
		{8E954FCF-FA83-43BC-B95C-DBC049959CCF}.Debug|x64.Build.0 = Debug|Any CPU
		{8E954FCF-FA83-43BC-B95C-DBC049959CCF}.Debug|x86.ActiveCfg = Debug|Any CPU
		{8E954FCF-FA83-43BC-B95C-DBC049959CCF}.Debug|x86.Build.0 = Debug|Any CPU
		{8E954FCF-FA83-43BC-B95C-DBC049959CCF}.Release|Any CPU.ActiveCfg = Release|Any CPU
		{8E954FCF-FA83-43BC-B95C-DBC049959CCF}.Release|Any CPU.Build.0 = Release|Any CPU
		{8E954FCF-FA83-43BC-B95C-DBC049959CCF}.Release|ARM.ActiveCfg = Release|Any CPU
		{8E954FCF-FA83-43BC-B95C-DBC049959CCF}.Release|ARM.Build.0 = Release|Any CPU
		{8E954FCF-FA83-43BC-B95C-DBC049959CCF}.Release|x64.ActiveCfg = Release|Any CPU
		{8E954FCF-FA83-43BC-B95C-DBC049959CCF}.Release|x64.Build.0 = Release|Any CPU
		{8E954FCF-FA83-43BC-B95C-DBC049959CCF}.Release|x86.ActiveCfg = Release|Any CPU
		{8E954FCF-FA83-43BC-B95C-DBC049959CCF}.Release|x86.Build.0 = Release|Any CPU
		{589620E9-319D-4C7F-9938-6DA855B596E9}.Debug|Any CPU.ActiveCfg = Debug|Any CPU
		{589620E9-319D-4C7F-9938-6DA855B596E9}.Debug|Any CPU.Build.0 = Debug|Any CPU
		{589620E9-319D-4C7F-9938-6DA855B596E9}.Debug|ARM.ActiveCfg = Debug|Any CPU
		{589620E9-319D-4C7F-9938-6DA855B596E9}.Debug|ARM.Build.0 = Debug|Any CPU
		{589620E9-319D-4C7F-9938-6DA855B596E9}.Debug|x64.ActiveCfg = Debug|Any CPU
		{589620E9-319D-4C7F-9938-6DA855B596E9}.Debug|x64.Build.0 = Debug|Any CPU
		{589620E9-319D-4C7F-9938-6DA855B596E9}.Debug|x86.ActiveCfg = Debug|Any CPU
		{589620E9-319D-4C7F-9938-6DA855B596E9}.Debug|x86.Build.0 = Debug|Any CPU
		{589620E9-319D-4C7F-9938-6DA855B596E9}.Release|Any CPU.ActiveCfg = Release|Any CPU
		{589620E9-319D-4C7F-9938-6DA855B596E9}.Release|Any CPU.Build.0 = Release|Any CPU
		{589620E9-319D-4C7F-9938-6DA855B596E9}.Release|ARM.ActiveCfg = Release|Any CPU
		{589620E9-319D-4C7F-9938-6DA855B596E9}.Release|ARM.Build.0 = Release|Any CPU
		{589620E9-319D-4C7F-9938-6DA855B596E9}.Release|x64.ActiveCfg = Release|Any CPU
		{589620E9-319D-4C7F-9938-6DA855B596E9}.Release|x64.Build.0 = Release|Any CPU
		{589620E9-319D-4C7F-9938-6DA855B596E9}.Release|x86.ActiveCfg = Release|Any CPU
		{589620E9-319D-4C7F-9938-6DA855B596E9}.Release|x86.Build.0 = Release|Any CPU
	EndGlobalSection
	GlobalSection(SolutionProperties) = preSolution
		HideSolutionNode = FALSE
	EndGlobalSection
	GlobalSection(ExtensibilityGlobals) = postSolution
		SolutionGuid = {0A0FD370-17A2-4250-96C9-01B5D3E47295}
	EndGlobalSection
EndGlobal
