
Microsoft Visual Studio Solution File, Format Version 12.00
# Visual Studio 15
VisualStudioVersion = 15.0.27004.2010
MinimumVisualStudioVersion = 10.0.40219.1
Project("{FAE04EC0-301F-11D3-BF4B-00C04F79EFBC}") = "01.OddOccurrences", "01.OddOccurrences\01.OddOccurrences.csproj", "{EE561401-953A-4873-9FD7-1EA38C34C09E}"
EndProject
Project("{FAE04EC0-301F-11D3-BF4B-00C04F79EFBC}") = "02.AverageStudentGrades", "02.AverageStudentGrades\02.AverageStudentGrades.csproj", "{CCA7A68B-09C6-4DB2-9E57-BE7B10548F73}"
EndProject
Global
	GlobalSection(SolutionConfigurationPlatforms) = preSolution
		Debug|Any CPU = Debug|Any CPU
		Release|Any CPU = Release|Any CPU
	EndGlobalSection
	GlobalSection(ProjectConfigurationPlatforms) = postSolution
		{EE561401-953A-4873-9FD7-1EA38C34C09E}.Debug|Any CPU.ActiveCfg = Debug|Any CPU
		{EE561401-953A-4873-9FD7-1EA38C34C09E}.Debug|Any CPU.Build.0 = Debug|Any CPU
		{EE561401-953A-4873-9FD7-1EA38C34C09E}.Release|Any CPU.ActiveCfg = Release|Any CPU
		{EE561401-953A-4873-9FD7-1EA38C34C09E}.Release|Any CPU.Build.0 = Release|Any CPU
		{CCA7A68B-09C6-4DB2-9E57-BE7B10548F73}.Debug|Any CPU.ActiveCfg = Debug|Any CPU
		{CCA7A68B-09C6-4DB2-9E57-BE7B10548F73}.Debug|Any CPU.Build.0 = Debug|Any CPU
		{CCA7A68B-09C6-4DB2-9E57-BE7B10548F73}.Release|Any CPU.ActiveCfg = Release|Any CPU
		{CCA7A68B-09C6-4DB2-9E57-BE7B10548F73}.Release|Any CPU.Build.0 = Release|Any CPU
	EndGlobalSection
	GlobalSection(SolutionProperties) = preSolution
		HideSolutionNode = FALSE
	EndGlobalSection
	GlobalSection(ExtensibilityGlobals) = postSolution
		SolutionGuid = {19326B07-5B83-4921-BBC4-33AAA94FD80D}
	EndGlobalSection
EndGlobal
