
Microsoft Visual Studio Solution File, Format Version 12.00
# Visual Studio 15
VisualStudioVersion = 15.0.26730.16
MinimumVisualStudioVersion = 10.0.40219.1
Project("{FAE04EC0-301F-11D3-BF4B-00C04F79EFBC}") = "01.LargestCommonEnd", "01.LargestComEnd\01.LargestCommonEnd.csproj", "{77CD5F25-7AC2-4BA0-8D67-D1E8F26120DD}"
EndProject
Project("{FAE04EC0-301F-11D3-BF4B-00C04F79EFBC}") = "02.RotateAndSum", "02.RotateAndSum\02.RotateAndSum.csproj", "{E73E469D-4675-49AD-AE93-E03C809148F3}"
EndProject
Global
	GlobalSection(SolutionConfigurationPlatforms) = preSolution
		Debug|Any CPU = Debug|Any CPU
		Release|Any CPU = Release|Any CPU
	EndGlobalSection
	GlobalSection(ProjectConfigurationPlatforms) = postSolution
		{77CD5F25-7AC2-4BA0-8D67-D1E8F26120DD}.Debug|Any CPU.ActiveCfg = Debug|Any CPU
		{77CD5F25-7AC2-4BA0-8D67-D1E8F26120DD}.Debug|Any CPU.Build.0 = Debug|Any CPU
		{77CD5F25-7AC2-4BA0-8D67-D1E8F26120DD}.Release|Any CPU.ActiveCfg = Release|Any CPU
		{77CD5F25-7AC2-4BA0-8D67-D1E8F26120DD}.Release|Any CPU.Build.0 = Release|Any CPU
		{E73E469D-4675-49AD-AE93-E03C809148F3}.Debug|Any CPU.ActiveCfg = Debug|Any CPU
		{E73E469D-4675-49AD-AE93-E03C809148F3}.Debug|Any CPU.Build.0 = Debug|Any CPU
		{E73E469D-4675-49AD-AE93-E03C809148F3}.Release|Any CPU.ActiveCfg = Release|Any CPU
		{E73E469D-4675-49AD-AE93-E03C809148F3}.Release|Any CPU.Build.0 = Release|Any CPU
	EndGlobalSection
	GlobalSection(SolutionProperties) = preSolution
		HideSolutionNode = FALSE
	EndGlobalSection
	GlobalSection(ExtensibilityGlobals) = postSolution
		SolutionGuid = {14E0539F-C0B9-47EF-AC31-15ABE0829812}
	EndGlobalSection
EndGlobal
