
Microsoft Visual Studio Solution File, Format Version 12.00
# Visual Studio 15
VisualStudioVersion = 15.0.27004.2002
MinimumVisualStudioVersion = 10.0.40219.1
Project("{FAE04EC0-301F-11D3-BF4B-00C04F79EFBC}") = "01.LargestCommonEnd", "ConsoleApp1\01.LargestCommonEnd.csproj", "{66C0DF83-A0C0-4AA3-A2BB-AD774610B75F}"
EndProject
Project("{FAE04EC0-301F-11D3-BF4B-00C04F79EFBC}") = "02.RotateAndSum", "ConsoleApp2\02.RotateAndSum.csproj", "{FA8EAA85-B5A0-4B6F-85E0-299D3B0E5EDC}"
EndProject
Project("{FAE04EC0-301F-11D3-BF4B-00C04F79EFBC}") = "03.FoldAndSum", "03.FoldAndSum\03.FoldAndSum.csproj", "{3D6CCAC4-CBEC-46FC-A43B-5D9679FCC7D9}"
EndProject
Project("{FAE04EC0-301F-11D3-BF4B-00C04F79EFBC}") = "04.SieveEratosthenes", "ConsoleApp3\04.SieveEratosthenes.csproj", "{CD42C7DF-5EC0-43AC-BC08-0DB266CB14BD}"
EndProject
Project("{FAE04EC0-301F-11D3-BF4B-00C04F79EFBC}") = "05.CompareCharArrays", "05.CompareCharArrays\05.CompareCharArrays.csproj", "{2D8BE5E0-E01B-4CBE-A765-EA345F847C70}"
EndProject
Project("{FAE04EC0-301F-11D3-BF4B-00C04F79EFBC}") = "06.MaxSequenceOfEqualElements", "06.MaxSequenceOfEqualElements\06.MaxSequenceOfEqualElements.csproj", "{EE47AFB4-08AD-4053-83E0-95AAFCF46D30}"
EndProject
Global
	GlobalSection(SolutionConfigurationPlatforms) = preSolution
		Debug|Any CPU = Debug|Any CPU
		Release|Any CPU = Release|Any CPU
	EndGlobalSection
	GlobalSection(ProjectConfigurationPlatforms) = postSolution
		{66C0DF83-A0C0-4AA3-A2BB-AD774610B75F}.Debug|Any CPU.ActiveCfg = Debug|Any CPU
		{66C0DF83-A0C0-4AA3-A2BB-AD774610B75F}.Debug|Any CPU.Build.0 = Debug|Any CPU
		{66C0DF83-A0C0-4AA3-A2BB-AD774610B75F}.Release|Any CPU.ActiveCfg = Release|Any CPU
		{66C0DF83-A0C0-4AA3-A2BB-AD774610B75F}.Release|Any CPU.Build.0 = Release|Any CPU
		{FA8EAA85-B5A0-4B6F-85E0-299D3B0E5EDC}.Debug|Any CPU.ActiveCfg = Debug|Any CPU
		{FA8EAA85-B5A0-4B6F-85E0-299D3B0E5EDC}.Debug|Any CPU.Build.0 = Debug|Any CPU
		{FA8EAA85-B5A0-4B6F-85E0-299D3B0E5EDC}.Release|Any CPU.ActiveCfg = Release|Any CPU
		{FA8EAA85-B5A0-4B6F-85E0-299D3B0E5EDC}.Release|Any CPU.Build.0 = Release|Any CPU
		{3D6CCAC4-CBEC-46FC-A43B-5D9679FCC7D9}.Debug|Any CPU.ActiveCfg = Debug|Any CPU
		{3D6CCAC4-CBEC-46FC-A43B-5D9679FCC7D9}.Debug|Any CPU.Build.0 = Debug|Any CPU
		{3D6CCAC4-CBEC-46FC-A43B-5D9679FCC7D9}.Release|Any CPU.ActiveCfg = Release|Any CPU
		{3D6CCAC4-CBEC-46FC-A43B-5D9679FCC7D9}.Release|Any CPU.Build.0 = Release|Any CPU
		{CD42C7DF-5EC0-43AC-BC08-0DB266CB14BD}.Debug|Any CPU.ActiveCfg = Debug|Any CPU
		{CD42C7DF-5EC0-43AC-BC08-0DB266CB14BD}.Debug|Any CPU.Build.0 = Debug|Any CPU
		{CD42C7DF-5EC0-43AC-BC08-0DB266CB14BD}.Release|Any CPU.ActiveCfg = Release|Any CPU
		{CD42C7DF-5EC0-43AC-BC08-0DB266CB14BD}.Release|Any CPU.Build.0 = Release|Any CPU
		{2D8BE5E0-E01B-4CBE-A765-EA345F847C70}.Debug|Any CPU.ActiveCfg = Debug|Any CPU
		{2D8BE5E0-E01B-4CBE-A765-EA345F847C70}.Debug|Any CPU.Build.0 = Debug|Any CPU
		{2D8BE5E0-E01B-4CBE-A765-EA345F847C70}.Release|Any CPU.ActiveCfg = Release|Any CPU
		{2D8BE5E0-E01B-4CBE-A765-EA345F847C70}.Release|Any CPU.Build.0 = Release|Any CPU
		{EE47AFB4-08AD-4053-83E0-95AAFCF46D30}.Debug|Any CPU.ActiveCfg = Debug|Any CPU
		{EE47AFB4-08AD-4053-83E0-95AAFCF46D30}.Debug|Any CPU.Build.0 = Debug|Any CPU
		{EE47AFB4-08AD-4053-83E0-95AAFCF46D30}.Release|Any CPU.ActiveCfg = Release|Any CPU
		{EE47AFB4-08AD-4053-83E0-95AAFCF46D30}.Release|Any CPU.Build.0 = Release|Any CPU
	EndGlobalSection
	GlobalSection(SolutionProperties) = preSolution
		HideSolutionNode = FALSE
	EndGlobalSection
	GlobalSection(ExtensibilityGlobals) = postSolution
		SolutionGuid = {14E0539F-C0B9-47EF-AC31-15ABE0829812}
	EndGlobalSection
EndGlobal
