
Microsoft Visual Studio Solution File, Format Version 12.00
# Visual Studio 15
VisualStudioVersion = 15.0.27004.2008
MinimumVisualStudioVersion = 10.0.40219.1
Project("{FAE04EC0-301F-11D3-BF4B-00C04F79EFBC}") = "01.IntegerTypes", "01.IntegerTypes\01.IntegerTypes.csproj", "{451723B9-5E95-4F6D-98C3-6CEEB35449D9}"
EndProject
Project("{FAE04EC0-301F-11D3-BF4B-00C04F79EFBC}") = "02.RealNumberTypes", "02.RealNumberTypes\02.RealNumberTypes.csproj", "{0E675EAE-8FFB-4138-AAF9-278219D0FEE7}"
EndProject
Project("{FAE04EC0-301F-11D3-BF4B-00C04F79EFBC}") = "03.BigPower", "03.BigPower\03.BigPower.csproj", "{11526217-C263-41AA-9971-99E7A4E69030}"
EndProject
Global
	GlobalSection(SolutionConfigurationPlatforms) = preSolution
		Debug|Any CPU = Debug|Any CPU
		Release|Any CPU = Release|Any CPU
	EndGlobalSection
	GlobalSection(ProjectConfigurationPlatforms) = postSolution
		{451723B9-5E95-4F6D-98C3-6CEEB35449D9}.Debug|Any CPU.ActiveCfg = Debug|Any CPU
		{451723B9-5E95-4F6D-98C3-6CEEB35449D9}.Debug|Any CPU.Build.0 = Debug|Any CPU
		{451723B9-5E95-4F6D-98C3-6CEEB35449D9}.Release|Any CPU.ActiveCfg = Release|Any CPU
		{451723B9-5E95-4F6D-98C3-6CEEB35449D9}.Release|Any CPU.Build.0 = Release|Any CPU
		{0E675EAE-8FFB-4138-AAF9-278219D0FEE7}.Debug|Any CPU.ActiveCfg = Debug|Any CPU
		{0E675EAE-8FFB-4138-AAF9-278219D0FEE7}.Debug|Any CPU.Build.0 = Debug|Any CPU
		{0E675EAE-8FFB-4138-AAF9-278219D0FEE7}.Release|Any CPU.ActiveCfg = Release|Any CPU
		{0E675EAE-8FFB-4138-AAF9-278219D0FEE7}.Release|Any CPU.Build.0 = Release|Any CPU
		{11526217-C263-41AA-9971-99E7A4E69030}.Debug|Any CPU.ActiveCfg = Debug|Any CPU
		{11526217-C263-41AA-9971-99E7A4E69030}.Debug|Any CPU.Build.0 = Debug|Any CPU
		{11526217-C263-41AA-9971-99E7A4E69030}.Release|Any CPU.ActiveCfg = Release|Any CPU
		{11526217-C263-41AA-9971-99E7A4E69030}.Release|Any CPU.Build.0 = Release|Any CPU
	EndGlobalSection
	GlobalSection(SolutionProperties) = preSolution
		HideSolutionNode = FALSE
	EndGlobalSection
	GlobalSection(ExtensibilityGlobals) = postSolution
		SolutionGuid = {0CBE0149-66A3-4588-8DE7-77AAFC0FE14C}
	EndGlobalSection
EndGlobal
