
Microsoft Visual Studio Solution File, Format Version 12.00
# Visual Studio 15
VisualStudioVersion = 15.0.27004.2002
MinimumVisualStudioVersion = 10.0.40219.1
Project("{FAE04EC0-301F-11D3-BF4B-00C04F79EFBC}") = "01.DaysOfTheWeek", "01.DaysOfTheWeek\01.DaysOfTheWeek.csproj", "{45861C81-EA0A-4B8C-B8A3-AAB174AF7A8E}"
EndProject
Project("{FAE04EC0-301F-11D3-BF4B-00C04F79EFBC}") = "02.ReverseAnArrayOfIntegers", "02.ReverseAnArrayOfIntegers\02.ReverseAnArrayOfIntegers.csproj", "{296B0406-D71B-4C50-A91A-2CB140B55B6C}"
EndProject
Project("{FAE04EC0-301F-11D3-BF4B-00C04F79EFBC}") = "03.LastKNumbersSumSequence", "03.LastKNumbersSumSequence\03.LastKNumbersSumSequence.csproj", "{B628B3CB-234E-4963-A855-945F1D067695}"
EndProject
Project("{FAE04EC0-301F-11D3-BF4B-00C04F79EFBC}") = "04.TripleSum", "04.TripleSum\04.TripleSum.csproj", "{E5412FE6-3BA2-4E29-89EF-EC167C279A12}"
EndProject
Project("{FAE04EC0-301F-11D3-BF4B-00C04F79EFBC}") = "05.RoundingNumbersAwayFromZero", "05.RoundingNumbersAwayFromZero\05.RoundingNumbersAwayFromZero.csproj", "{5FF9363F-30B4-4C89-87B5-38EDEEB0D3A6}"
EndProject
Project("{FAE04EC0-301F-11D3-BF4B-00C04F79EFBC}") = "06.ReverseAnArrayOfStrings", "06.ReverseAnArrayOfStrings\06.ReverseAnArrayOfStrings.csproj", "{229E012D-7656-4626-BAC4-B2EA1212C900}"
EndProject
Global
	GlobalSection(SolutionConfigurationPlatforms) = preSolution
		Debug|Any CPU = Debug|Any CPU
		Release|Any CPU = Release|Any CPU
	EndGlobalSection
	GlobalSection(ProjectConfigurationPlatforms) = postSolution
		{45861C81-EA0A-4B8C-B8A3-AAB174AF7A8E}.Debug|Any CPU.ActiveCfg = Debug|Any CPU
		{45861C81-EA0A-4B8C-B8A3-AAB174AF7A8E}.Debug|Any CPU.Build.0 = Debug|Any CPU
		{45861C81-EA0A-4B8C-B8A3-AAB174AF7A8E}.Release|Any CPU.ActiveCfg = Release|Any CPU
		{45861C81-EA0A-4B8C-B8A3-AAB174AF7A8E}.Release|Any CPU.Build.0 = Release|Any CPU
		{296B0406-D71B-4C50-A91A-2CB140B55B6C}.Debug|Any CPU.ActiveCfg = Debug|Any CPU
		{296B0406-D71B-4C50-A91A-2CB140B55B6C}.Debug|Any CPU.Build.0 = Debug|Any CPU
		{296B0406-D71B-4C50-A91A-2CB140B55B6C}.Release|Any CPU.ActiveCfg = Release|Any CPU
		{296B0406-D71B-4C50-A91A-2CB140B55B6C}.Release|Any CPU.Build.0 = Release|Any CPU
		{B628B3CB-234E-4963-A855-945F1D067695}.Debug|Any CPU.ActiveCfg = Debug|Any CPU
		{B628B3CB-234E-4963-A855-945F1D067695}.Debug|Any CPU.Build.0 = Debug|Any CPU
		{B628B3CB-234E-4963-A855-945F1D067695}.Release|Any CPU.ActiveCfg = Release|Any CPU
		{B628B3CB-234E-4963-A855-945F1D067695}.Release|Any CPU.Build.0 = Release|Any CPU
		{E5412FE6-3BA2-4E29-89EF-EC167C279A12}.Debug|Any CPU.ActiveCfg = Debug|Any CPU
		{E5412FE6-3BA2-4E29-89EF-EC167C279A12}.Debug|Any CPU.Build.0 = Debug|Any CPU
		{E5412FE6-3BA2-4E29-89EF-EC167C279A12}.Release|Any CPU.ActiveCfg = Release|Any CPU
		{E5412FE6-3BA2-4E29-89EF-EC167C279A12}.Release|Any CPU.Build.0 = Release|Any CPU
		{5FF9363F-30B4-4C89-87B5-38EDEEB0D3A6}.Debug|Any CPU.ActiveCfg = Debug|Any CPU
		{5FF9363F-30B4-4C89-87B5-38EDEEB0D3A6}.Debug|Any CPU.Build.0 = Debug|Any CPU
		{5FF9363F-30B4-4C89-87B5-38EDEEB0D3A6}.Release|Any CPU.ActiveCfg = Release|Any CPU
		{5FF9363F-30B4-4C89-87B5-38EDEEB0D3A6}.Release|Any CPU.Build.0 = Release|Any CPU
		{229E012D-7656-4626-BAC4-B2EA1212C900}.Debug|Any CPU.ActiveCfg = Debug|Any CPU
		{229E012D-7656-4626-BAC4-B2EA1212C900}.Debug|Any CPU.Build.0 = Debug|Any CPU
		{229E012D-7656-4626-BAC4-B2EA1212C900}.Release|Any CPU.ActiveCfg = Release|Any CPU
		{229E012D-7656-4626-BAC4-B2EA1212C900}.Release|Any CPU.Build.0 = Release|Any CPU
	EndGlobalSection
	GlobalSection(SolutionProperties) = preSolution
		HideSolutionNode = FALSE
	EndGlobalSection
	GlobalSection(ExtensibilityGlobals) = postSolution
		SolutionGuid = {8D85E9FD-3A2A-4090-AC31-8D6F365865C7}
	EndGlobalSection
EndGlobal
