
Microsoft Visual Studio Solution File, Format Version 12.00
# Visual Studio 15
VisualStudioVersion = 15.0.26730.16
MinimumVisualStudioVersion = 10.0.40219.1
Project("{FAE04EC0-301F-11D3-BF4B-00C04F79EFBC}") = "01.DebitCardNumber", "01.DebitCardNumber\01.DebitCardNumber.csproj", "{52AED397-19B5-4DFA-B505-9D473C5CD256}"
EndProject
Project("{FAE04EC0-301F-11D3-BF4B-00C04F79EFBC}") = "02.RectangleArea", "02.RectangleArea\02.RectangleArea.csproj", "{918CD7EB-27E5-4FAD-B0F1-1B2AAB2CF4C3}"
EndProject
Project("{FAE04EC0-301F-11D3-BF4B-00C04F79EFBC}") = "03.MilesToKilometers", "03.MilesToKilometers\03.MilesToKilometers.csproj", "{E56E1112-CE1D-415D-936B-BAA5E24E76E6}"
EndProject
Project("{FAE04EC0-301F-11D3-BF4B-00C04F79EFBC}") = "04.BeverageLabels", "04.BeverageLabels\04.BeverageLabels.csproj", "{B5AE4F24-1A33-4CAB-8D31-3CF3EFD0B653}"
EndProject
Project("{FAE04EC0-301F-11D3-BF4B-00C04F79EFBC}") = "5.CharacterStats", "5.CharacterStats\5.CharacterStats.csproj", "{7C9E9568-57FD-4346-A749-B2FC68F5E99F}"
EndProject
Global
	GlobalSection(SolutionConfigurationPlatforms) = preSolution
		Debug|Any CPU = Debug|Any CPU
		Release|Any CPU = Release|Any CPU
	EndGlobalSection
	GlobalSection(ProjectConfigurationPlatforms) = postSolution
		{52AED397-19B5-4DFA-B505-9D473C5CD256}.Debug|Any CPU.ActiveCfg = Debug|Any CPU
		{52AED397-19B5-4DFA-B505-9D473C5CD256}.Debug|Any CPU.Build.0 = Debug|Any CPU
		{52AED397-19B5-4DFA-B505-9D473C5CD256}.Release|Any CPU.ActiveCfg = Release|Any CPU
		{52AED397-19B5-4DFA-B505-9D473C5CD256}.Release|Any CPU.Build.0 = Release|Any CPU
		{918CD7EB-27E5-4FAD-B0F1-1B2AAB2CF4C3}.Debug|Any CPU.ActiveCfg = Debug|Any CPU
		{918CD7EB-27E5-4FAD-B0F1-1B2AAB2CF4C3}.Debug|Any CPU.Build.0 = Debug|Any CPU
		{918CD7EB-27E5-4FAD-B0F1-1B2AAB2CF4C3}.Release|Any CPU.ActiveCfg = Release|Any CPU
		{918CD7EB-27E5-4FAD-B0F1-1B2AAB2CF4C3}.Release|Any CPU.Build.0 = Release|Any CPU
		{E56E1112-CE1D-415D-936B-BAA5E24E76E6}.Debug|Any CPU.ActiveCfg = Debug|Any CPU
		{E56E1112-CE1D-415D-936B-BAA5E24E76E6}.Debug|Any CPU.Build.0 = Debug|Any CPU
		{E56E1112-CE1D-415D-936B-BAA5E24E76E6}.Release|Any CPU.ActiveCfg = Release|Any CPU
		{E56E1112-CE1D-415D-936B-BAA5E24E76E6}.Release|Any CPU.Build.0 = Release|Any CPU
		{B5AE4F24-1A33-4CAB-8D31-3CF3EFD0B653}.Debug|Any CPU.ActiveCfg = Debug|Any CPU
		{B5AE4F24-1A33-4CAB-8D31-3CF3EFD0B653}.Debug|Any CPU.Build.0 = Debug|Any CPU
		{B5AE4F24-1A33-4CAB-8D31-3CF3EFD0B653}.Release|Any CPU.ActiveCfg = Release|Any CPU
		{B5AE4F24-1A33-4CAB-8D31-3CF3EFD0B653}.Release|Any CPU.Build.0 = Release|Any CPU
		{7C9E9568-57FD-4346-A749-B2FC68F5E99F}.Debug|Any CPU.ActiveCfg = Debug|Any CPU
		{7C9E9568-57FD-4346-A749-B2FC68F5E99F}.Debug|Any CPU.Build.0 = Debug|Any CPU
		{7C9E9568-57FD-4346-A749-B2FC68F5E99F}.Release|Any CPU.ActiveCfg = Release|Any CPU
		{7C9E9568-57FD-4346-A749-B2FC68F5E99F}.Release|Any CPU.Build.0 = Release|Any CPU
	EndGlobalSection
	GlobalSection(SolutionProperties) = preSolution
		HideSolutionNode = FALSE
	EndGlobalSection
	GlobalSection(ExtensibilityGlobals) = postSolution
		SolutionGuid = {7EE39902-095C-413C-A83D-FAA1D65A95CC}
	EndGlobalSection
EndGlobal
